
Microsoft Visual Studio Solution File, Format Version 12.00
# Visual Studio Version 17
VisualStudioVersion = 17.6.33815.320
MinimumVisualStudioVersion = 10.0.40219.1
Project("{9A19103F-16F7-4668-BE54-9A1E7A4F7556}") = "MM_API", "MM_API\MM_API.csproj", "{D6E3732A-ED81-4769-9F09-6DAC485746D3}"
	ProjectSection(ProjectDependencies) = postProject
		{BDFBE3DD-46B3-4739-B680-548F3E130A72} = {BDFBE3DD-46B3-4739-B680-548F3E130A72}
		{C57D6EAF-3DE8-46A7-ADA2-3EE17DFC448A} = {C57D6EAF-3DE8-46A7-ADA2-3EE17DFC448A}
	EndProjectSection
EndProject
Project("{9A19103F-16F7-4668-BE54-9A1E7A4F7556}") = "SharedGameFramework", "..\..\..\PSQLLibrary\PSQLLibrary\PSQLLibrary\SharedGameFramework.csproj", "{BDFBE3DD-46B3-4739-B680-548F3E130A72}"
EndProject
Project("{9A19103F-16F7-4668-BE54-9A1E7A4F7556}") = "SharedNetworkFramework", "..\..\..\SharedLibrary\SharedLibrary\SharedLibrary\SharedNetworkFramework.csproj", "{C57D6EAF-3DE8-46A7-ADA2-3EE17DFC448A}"
EndProject
Project("{9A19103F-16F7-4668-BE54-9A1E7A4F7556}") = "JsonBuilder", "..\..\..\JsonBuilder\JsonBuilder\JsonBuilder.csproj", "{C90A36EF-C33D-4676-B6F1-54C513ACF50B}"
EndProject
Global
	GlobalSection(SolutionConfigurationPlatforms) = preSolution
		Debug|Any CPU = Debug|Any CPU
		Release|Any CPU = Release|Any CPU
	EndGlobalSection
	GlobalSection(ProjectConfigurationPlatforms) = postSolution
		{D6E3732A-ED81-4769-9F09-6DAC485746D3}.Debug|Any CPU.ActiveCfg = Debug|Any CPU
		{D6E3732A-ED81-4769-9F09-6DAC485746D3}.Debug|Any CPU.Build.0 = Debug|Any CPU
		{D6E3732A-ED81-4769-9F09-6DAC485746D3}.Release|Any CPU.ActiveCfg = Release|Any CPU
		{D6E3732A-ED81-4769-9F09-6DAC485746D3}.Release|Any CPU.Build.0 = Release|Any CPU
		{BDFBE3DD-46B3-4739-B680-548F3E130A72}.Debug|Any CPU.ActiveCfg = Debug|Any CPU
		{BDFBE3DD-46B3-4739-B680-548F3E130A72}.Debug|Any CPU.Build.0 = Debug|Any CPU
		{BDFBE3DD-46B3-4739-B680-548F3E130A72}.Release|Any CPU.ActiveCfg = Release|Any CPU
		{BDFBE3DD-46B3-4739-B680-548F3E130A72}.Release|Any CPU.Build.0 = Release|Any CPU
		{C57D6EAF-3DE8-46A7-ADA2-3EE17DFC448A}.Debug|Any CPU.ActiveCfg = Debug|Any CPU
		{C57D6EAF-3DE8-46A7-ADA2-3EE17DFC448A}.Debug|Any CPU.Build.0 = Debug|Any CPU
		{C57D6EAF-3DE8-46A7-ADA2-3EE17DFC448A}.Release|Any CPU.ActiveCfg = Release|Any CPU
		{C57D6EAF-3DE8-46A7-ADA2-3EE17DFC448A}.Release|Any CPU.Build.0 = Release|Any CPU
		{C90A36EF-C33D-4676-B6F1-54C513ACF50B}.Debug|Any CPU.ActiveCfg = Debug|Any CPU
		{C90A36EF-C33D-4676-B6F1-54C513ACF50B}.Debug|Any CPU.Build.0 = Debug|Any CPU
		{C90A36EF-C33D-4676-B6F1-54C513ACF50B}.Release|Any CPU.ActiveCfg = Release|Any CPU
		{C90A36EF-C33D-4676-B6F1-54C513ACF50B}.Release|Any CPU.Build.0 = Release|Any CPU
	EndGlobalSection
	GlobalSection(SolutionProperties) = preSolution
		HideSolutionNode = FALSE
	EndGlobalSection
	GlobalSection(ExtensibilityGlobals) = postSolution
		SolutionGuid = {252A2E12-AABC-43E3-A1FB-CC90744831FB}
	EndGlobalSection
EndGlobal
